// !$*UTF8*$!
{
	archiveVersion = 1;
	classes = {
	};
	objectVersion = 56;
	objects = {

/* Begin PBXFileReference section */
		96EEC619291E22E900EB28CD /* Challenge.playground */ = {isa = PBXFileReference; lastKnownFileType = file.playground; path = Challenge.playground; sourceTree = "<group>"; xcLanguageSpecificationIdentifier = xcode.lang.swift; };
/* End PBXFileReference section */

/* Begin PBXGroup section */
		96EEC612291E22B200EB28CD = {
			isa = PBXGroup;
			children = (
				96EEC619291E22E900EB28CD /* Challenge.playground */,
			);
			sourceTree = "<group>";
		};
/* End PBXGroup section */

/* Begin PBXProject section */
		96EEC613291E22B200EB28CD /* Project object */ = {
			isa = PBXProject;
			attributes = {
				BuildIndependentTargetsInParallel = 1;
				LastUpgradeCheck = 1410;
			};
			buildConfigurationList = 96EEC616291E22B200EB28CD /* Build configuration list for PBXProject "bootcampMobileSP" */;
			compatibilityVersion = "Xcode 14.0";
			developmentRegion = en;
			hasScannedForEncodings = 0;
			knownRegions = (
				en,
				Base,
			);
			mainGroup = 96EEC612291E22B200EB28CD;
			projectDirPath = "";
			projectRoot = "";
			targets = (
			);
		};
/* End PBXProject section */

/* Begin XCBuildConfiguration section */
		96EEC617291E22B200EB28CD /* Debug */ = {
			isa = XCBuildConfiguration;
			buildSettings = {
			};
			name = Debug;
		};
		96EEC618291E22B200EB28CD /* Release */ = {
			isa = XCBuildConfiguration;
			buildSettings = {
			};
			name = Release;
		};
/* End XCBuildConfiguration section */

/* Begin XCConfigurationList section */
		96EEC616291E22B200EB28CD /* Build configuration list for PBXProject "bootcampMobileSP" */ = {
			isa = XCConfigurationList;
			buildConfigurations = (
				96EEC617291E22B200EB28CD /* Debug */,
				96EEC618291E22B200EB28CD /* Release */,
			);
			defaultConfigurationIsVisible = 0;
			defaultConfigurationName = Release;
		};
/* End XCConfigurationList section */
	};
	rootObject = 96EEC613291E22B200EB28CD /* Project object */;
}
